
Microsoft Visual Studio Solution File, Format Version 12.00
# Visual Studio Version 17
VisualStudioVersion = 17.13.35913.81 d17.13
MinimumVisualStudioVersion = 10.0.40219.1
Project("{FAE04EC0-301F-11D3-BF4B-00C04F79EFBC}") = "JobHunter", "JobHunter\JobHunter.csproj", "{5D2AD20D-710D-4380-AC8C-CA8E92F2A797}"
EndProject
Global
	GlobalSection(SolutionConfigurationPlatforms) = preSolution
		Debug|Any CPU = Debug|Any CPU
		Release|Any CPU = Release|Any CPU
	EndGlobalSection
	GlobalSection(ProjectConfigurationPlatforms) = postSolution
		{5D2AD20D-710D-4380-AC8C-CA8E92F2A797}.Debug|Any CPU.ActiveCfg = Debug|Any CPU
		{5D2AD20D-710D-4380-AC8C-CA8E92F2A797}.Debug|Any CPU.Build.0 = Debug|Any CPU
		{5D2AD20D-710D-4380-AC8C-CA8E92F2A797}.Release|Any CPU.ActiveCfg = Release|Any CPU
		{5D2AD20D-710D-4380-AC8C-CA8E92F2A797}.Release|Any CPU.Build.0 = Release|Any CPU
	EndGlobalSection
	GlobalSection(SolutionProperties) = preSolution
		HideSolutionNode = FALSE
	EndGlobalSection
	GlobalSection(ExtensibilityGlobals) = postSolution
		SolutionGuid = {90CE0426-C707-41F4-9943-EF6060295F29}
	EndGlobalSection
EndGlobal
